github.com/dannav/hhmmss v1.0.0 h1:/FjTOHXSEOuQIWwPs4abUS6s42ndAGhnVo17VbGnCMA=
github.com/dannav/hhmmss v1.0.0/go.mod h1:LXyJMlU/lUpkUB4Mj5xQr3Ad1YQb7jBLajgzuKqpaV0=
github.com/relvacode/iso8601 v1.3.0 h1:HguUjsGpIMh/zsTczGN3DVJFxTU/GX+MMmzcKoMO7ko=
github.com/relvacode/iso8601 v1.3.0/go.mod h1:FlNp+jz+TXpyRqgmM7tnzHHzBnz776kmAH2h3sZCn0I=
